
Microsoft Visual Studio Solution File, Format Version 12.00
# Visual Studio 15
VisualStudioVersion = 15.0.27703.2026
MinimumVisualStudioVersion = 10.0.40219.1
Project("{FAE04EC0-301F-11D3-BF4B-00C04F79EFBC}") = "DependencyIntents.Android", "DependencyIntents\DependencyIntents.Android\DependencyIntents.Android.csproj", "{4C4600F2-EE22-4121-9C39-DE02134C8413}"
EndProject
Project("{FAE04EC0-301F-11D3-BF4B-00C04F79EFBC}") = "DependencyIntents.iOS", "DependencyIntents\DependencyIntents.iOS\DependencyIntents.iOS.csproj", "{18C450C0-D834-4577-970C-F12332836D4F}"
EndProject
Project("{FAE04EC0-301F-11D3-BF4B-00C04F79EFBC}") = "DependencyIntents", "DependencyIntents\DependencyIntents\DependencyIntents.csproj", "{7830A8F7-3535-4505-9508-D5C4D4C495AD}"
EndProject
Global
	GlobalSection(SolutionConfigurationPlatforms) = preSolution
		Ad-Hoc|Any CPU = Ad-Hoc|Any CPU
		Ad-Hoc|iPhone = Ad-Hoc|iPhone
		Ad-Hoc|iPhoneSimulator = Ad-Hoc|iPhoneSimulator
		AppStore|Any CPU = AppStore|Any CPU
		AppStore|iPhone = AppStore|iPhone
		AppStore|iPhoneSimulator = AppStore|iPhoneSimulator
		Debug|Any CPU = Debug|Any CPU
		Debug|iPhone = Debug|iPhone
		Debug|iPhoneSimulator = Debug|iPhoneSimulator
		Release|Any CPU = Release|Any CPU
		Release|iPhone = Release|iPhone
		Release|iPhoneSimulator = Release|iPhoneSimulator
	EndGlobalSection
	GlobalSection(ProjectConfigurationPlatforms) = postSolution
		{4C4600F2-EE22-4121-9C39-DE02134C8413}.Ad-Hoc|Any CPU.ActiveCfg = Release|Any CPU
		{4C4600F2-EE22-4121-9C39-DE02134C8413}.Ad-Hoc|Any CPU.Build.0 = Release|Any CPU
		{4C4600F2-EE22-4121-9C39-DE02134C8413}.Ad-Hoc|Any CPU.Deploy.0 = Release|Any CPU
		{4C4600F2-EE22-4121-9C39-DE02134C8413}.Ad-Hoc|iPhone.ActiveCfg = Release|Any CPU
		{4C4600F2-EE22-4121-9C39-DE02134C8413}.Ad-Hoc|iPhone.Build.0 = Release|Any CPU
		{4C4600F2-EE22-4121-9C39-DE02134C8413}.Ad-Hoc|iPhone.Deploy.0 = Release|Any CPU
		{4C4600F2-EE22-4121-9C39-DE02134C8413}.Ad-Hoc|iPhoneSimulator.ActiveCfg = Release|Any CPU
		{4C4600F2-EE22-4121-9C39-DE02134C8413}.Ad-Hoc|iPhoneSimulator.Build.0 = Release|Any CPU
		{4C4600F2-EE22-4121-9C39-DE02134C8413}.Ad-Hoc|iPhoneSimulator.Deploy.0 = Release|Any CPU
		{4C4600F2-EE22-4121-9C39-DE02134C8413}.AppStore|Any CPU.ActiveCfg = Release|Any CPU
		{4C4600F2-EE22-4121-9C39-DE02134C8413}.AppStore|Any CPU.Build.0 = Release|Any CPU
		{4C4600F2-EE22-4121-9C39-DE02134C8413}.AppStore|Any CPU.Deploy.0 = Release|Any CPU
		{4C4600F2-EE22-4121-9C39-DE02134C8413}.AppStore|iPhone.ActiveCfg = Release|Any CPU
		{4C4600F2-EE22-4121-9C39-DE02134C8413}.AppStore|iPhone.Build.0 = Release|Any CPU
		{4C4600F2-EE22-4121-9C39-DE02134C8413}.AppStore|iPhone.Deploy.0 = Release|Any CPU
		{4C4600F2-EE22-4121-9C39-DE02134C8413}.AppStore|iPhoneSimulator.ActiveCfg = Release|Any CPU
		{4C4600F2-EE22-4121-9C39-DE02134C8413}.AppStore|iPhoneSimulator.Build.0 = Release|Any CPU
		{4C4600F2-EE22-4121-9C39-DE02134C8413}.AppStore|iPhoneSimulator.Deploy.0 = Release|Any CPU
		{4C4600F2-EE22-4121-9C39-DE02134C8413}.Debug|Any CPU.ActiveCfg = Debug|x64
		{4C4600F2-EE22-4121-9C39-DE02134C8413}.Debug|Any CPU.Build.0 = Debug|x64
		{4C4600F2-EE22-4121-9C39-DE02134C8413}.Debug|Any CPU.Deploy.0 = Debug|x64
		{4C4600F2-EE22-4121-9C39-DE02134C8413}.Debug|iPhone.ActiveCfg = Debug|Any CPU
		{4C4600F2-EE22-4121-9C39-DE02134C8413}.Debug|iPhone.Build.0 = Debug|Any CPU
		{4C4600F2-EE22-4121-9C39-DE02134C8413}.Debug|iPhone.Deploy.0 = Debug|Any CPU
		{4C4600F2-EE22-4121-9C39-DE02134C8413}.Debug|iPhoneSimulator.ActiveCfg = Debug|Any CPU
		{4C4600F2-EE22-4121-9C39-DE02134C8413}.Debug|iPhoneSimulator.Build.0 = Debug|Any CPU
		{4C4600F2-EE22-4121-9C39-DE02134C8413}.Debug|iPhoneSimulator.Deploy.0 = Debug|Any CPU
		{4C4600F2-EE22-4121-9C39-DE02134C8413}.Release|Any CPU.ActiveCfg = Release|Any CPU
		{4C4600F2-EE22-4121-9C39-DE02134C8413}.Release|Any CPU.Build.0 = Release|Any CPU
		{4C4600F2-EE22-4121-9C39-DE02134C8413}.Release|Any CPU.Deploy.0 = Release|Any CPU
		{4C4600F2-EE22-4121-9C39-DE02134C8413}.Release|iPhone.ActiveCfg = Release|Any CPU
		{4C4600F2-EE22-4121-9C39-DE02134C8413}.Release|iPhone.Build.0 = Release|Any CPU
		{4C4600F2-EE22-4121-9C39-DE02134C8413}.Release|iPhone.Deploy.0 = Release|Any CPU
		{4C4600F2-EE22-4121-9C39-DE02134C8413}.Release|iPhoneSimulator.ActiveCfg = Release|Any CPU
		{4C4600F2-EE22-4121-9C39-DE02134C8413}.Release|iPhoneSimulator.Build.0 = Release|Any CPU
		{4C4600F2-EE22-4121-9C39-DE02134C8413}.Release|iPhoneSimulator.Deploy.0 = Release|Any CPU
		{18C450C0-D834-4577-970C-F12332836D4F}.Ad-Hoc|Any CPU.ActiveCfg = Ad-Hoc|iPhone
		{18C450C0-D834-4577-970C-F12332836D4F}.Ad-Hoc|Any CPU.Build.0 = Ad-Hoc|iPhone
		{18C450C0-D834-4577-970C-F12332836D4F}.Ad-Hoc|Any CPU.Deploy.0 = Ad-Hoc|iPhone
		{18C450C0-D834-4577-970C-F12332836D4F}.Ad-Hoc|iPhone.ActiveCfg = Ad-Hoc|iPhone
		{18C450C0-D834-4577-970C-F12332836D4F}.Ad-Hoc|iPhone.Build.0 = Ad-Hoc|iPhone
		{18C450C0-D834-4577-970C-F12332836D4F}.Ad-Hoc|iPhone.Deploy.0 = Ad-Hoc|iPhone
		{18C450C0-D834-4577-970C-F12332836D4F}.Ad-Hoc|iPhoneSimulator.ActiveCfg = Ad-Hoc|iPhoneSimulator
		{18C450C0-D834-4577-970C-F12332836D4F}.Ad-Hoc|iPhoneSimulator.Build.0 = Ad-Hoc|iPhoneSimulator
		{18C450C0-D834-4577-970C-F12332836D4F}.Ad-Hoc|iPhoneSimulator.Deploy.0 = Ad-Hoc|iPhoneSimulator
		{18C450C0-D834-4577-970C-F12332836D4F}.AppStore|Any CPU.ActiveCfg = AppStore|iPhone
		{18C450C0-D834-4577-970C-F12332836D4F}.AppStore|Any CPU.Build.0 = AppStore|iPhone
		{18C450C0-D834-4577-970C-F12332836D4F}.AppStore|Any CPU.Deploy.0 = AppStore|iPhone
		{18C450C0-D834-4577-970C-F12332836D4F}.AppStore|iPhone.ActiveCfg = AppStore|iPhone
		{18C450C0-D834-4577-970C-F12332836D4F}.AppStore|iPhone.Build.0 = AppStore|iPhone
		{18C450C0-D834-4577-970C-F12332836D4F}.AppStore|iPhone.Deploy.0 = AppStore|iPhone
		{18C450C0-D834-4577-970C-F12332836D4F}.AppStore|iPhoneSimulator.ActiveCfg = AppStore|iPhoneSimulator
		{18C450C0-D834-4577-970C-F12332836D4F}.AppStore|iPhoneSimulator.Build.0 = AppStore|iPhoneSimulator
		{18C450C0-D834-4577-970C-F12332836D4F}.AppStore|iPhoneSimulator.Deploy.0 = AppStore|iPhoneSimulator
		{18C450C0-D834-4577-970C-F12332836D4F}.Debug|Any CPU.ActiveCfg = Debug|iPhoneSimulator
		{18C450C0-D834-4577-970C-F12332836D4F}.Debug|Any CPU.Build.0 = Debug|iPhoneSimulator
		{18C450C0-D834-4577-970C-F12332836D4F}.Debug|Any CPU.Deploy.0 = Debug|iPhoneSimulator
		{18C450C0-D834-4577-970C-F12332836D4F}.Debug|iPhone.ActiveCfg = Debug|iPhone
		{18C450C0-D834-4577-970C-F12332836D4F}.Debug|iPhone.Build.0 = Debug|iPhone
		{18C450C0-D834-4577-970C-F12332836D4F}.Debug|iPhone.Deploy.0 = Debug|iPhone
		{18C450C0-D834-4577-970C-F12332836D4F}.Debug|iPhoneSimulator.ActiveCfg = Debug|iPhoneSimulator
		{18C450C0-D834-4577-970C-F12332836D4F}.Debug|iPhoneSimulator.Build.0 = Debug|iPhoneSimulator
		{18C450C0-D834-4577-970C-F12332836D4F}.Debug|iPhoneSimulator.Deploy.0 = Debug|iPhoneSimulator
		{18C450C0-D834-4577-970C-F12332836D4F}.Release|Any CPU.ActiveCfg = Release|iPhone
		{18C450C0-D834-4577-970C-F12332836D4F}.Release|Any CPU.Build.0 = Release|iPhone
		{18C450C0-D834-4577-970C-F12332836D4F}.Release|Any CPU.Deploy.0 = Release|iPhone
		{18C450C0-D834-4577-970C-F12332836D4F}.Release|iPhone.ActiveCfg = Release|iPhone
		{18C450C0-D834-4577-970C-F12332836D4F}.Release|iPhone.Build.0 = Release|iPhone
		{18C450C0-D834-4577-970C-F12332836D4F}.Release|iPhone.Deploy.0 = Release|iPhone
		{18C450C0-D834-4577-970C-F12332836D4F}.Release|iPhoneSimulator.ActiveCfg = Release|iPhoneSimulator
		{18C450C0-D834-4577-970C-F12332836D4F}.Release|iPhoneSimulator.Build.0 = Release|iPhoneSimulator
		{18C450C0-D834-4577-970C-F12332836D4F}.Release|iPhoneSimulator.Deploy.0 = Release|iPhoneSimulator
		{7830A8F7-3535-4505-9508-D5C4D4C495AD}.Ad-Hoc|Any CPU.ActiveCfg = Debug|Any CPU
		{7830A8F7-3535-4505-9508-D5C4D4C495AD}.Ad-Hoc|Any CPU.Build.0 = Debug|Any CPU
		{7830A8F7-3535-4505-9508-D5C4D4C495AD}.Ad-Hoc|Any CPU.Deploy.0 = Debug|Any CPU
		{7830A8F7-3535-4505-9508-D5C4D4C495AD}.Ad-Hoc|iPhone.ActiveCfg = Debug|Any CPU
		{7830A8F7-3535-4505-9508-D5C4D4C495AD}.Ad-Hoc|iPhone.Build.0 = Debug|Any CPU
		{7830A8F7-3535-4505-9508-D5C4D4C495AD}.Ad-Hoc|iPhone.Deploy.0 = Debug|Any CPU
		{7830A8F7-3535-4505-9508-D5C4D4C495AD}.Ad-Hoc|iPhoneSimulator.ActiveCfg = Debug|Any CPU
		{7830A8F7-3535-4505-9508-D5C4D4C495AD}.Ad-Hoc|iPhoneSimulator.Build.0 = Debug|Any CPU
		{7830A8F7-3535-4505-9508-D5C4D4C495AD}.Ad-Hoc|iPhoneSimulator.Deploy.0 = Debug|Any CPU
		{7830A8F7-3535-4505-9508-D5C4D4C495AD}.AppStore|Any CPU.ActiveCfg = Debug|Any CPU
		{7830A8F7-3535-4505-9508-D5C4D4C495AD}.AppStore|Any CPU.Build.0 = Debug|Any CPU
		{7830A8F7-3535-4505-9508-D5C4D4C495AD}.AppStore|Any CPU.Deploy.0 = Debug|Any CPU
		{7830A8F7-3535-4505-9508-D5C4D4C495AD}.AppStore|iPhone.ActiveCfg = Debug|Any CPU
		{7830A8F7-3535-4505-9508-D5C4D4C495AD}.AppStore|iPhone.Build.0 = Debug|Any CPU
		{7830A8F7-3535-4505-9508-D5C4D4C495AD}.AppStore|iPhone.Deploy.0 = Debug|Any CPU
		{7830A8F7-3535-4505-9508-D5C4D4C495AD}.AppStore|iPhoneSimulator.ActiveCfg = Debug|Any CPU
		{7830A8F7-3535-4505-9508-D5C4D4C495AD}.AppStore|iPhoneSimulator.Build.0 = Debug|Any CPU
		{7830A8F7-3535-4505-9508-D5C4D4C495AD}.AppStore|iPhoneSimulator.Deploy.0 = Debug|Any CPU
		{7830A8F7-3535-4505-9508-D5C4D4C495AD}.Debug|Any CPU.ActiveCfg = Debug|Any CPU
		{7830A8F7-3535-4505-9508-D5C4D4C495AD}.Debug|Any CPU.Build.0 = Debug|Any CPU
		{7830A8F7-3535-4505-9508-D5C4D4C495AD}.Debug|Any CPU.Deploy.0 = Debug|Any CPU
		{7830A8F7-3535-4505-9508-D5C4D4C495AD}.Debug|iPhone.ActiveCfg = Debug|Any CPU
		{7830A8F7-3535-4505-9508-D5C4D4C495AD}.Debug|iPhone.Build.0 = Debug|Any CPU
		{7830A8F7-3535-4505-9508-D5C4D4C495AD}.Debug|iPhone.Deploy.0 = Debug|Any CPU
		{7830A8F7-3535-4505-9508-D5C4D4C495AD}.Debug|iPhoneSimulator.ActiveCfg = Debug|Any CPU
		{7830A8F7-3535-4505-9508-D5C4D4C495AD}.Debug|iPhoneSimulator.Build.0 = Debug|Any CPU
		{7830A8F7-3535-4505-9508-D5C4D4C495AD}.Debug|iPhoneSimulator.Deploy.0 = Debug|Any CPU
		{7830A8F7-3535-4505-9508-D5C4D4C495AD}.Release|Any CPU.ActiveCfg = Release|Any CPU
		{7830A8F7-3535-4505-9508-D5C4D4C495AD}.Release|Any CPU.Build.0 = Release|Any CPU
		{7830A8F7-3535-4505-9508-D5C4D4C495AD}.Release|Any CPU.Deploy.0 = Release|Any CPU
		{7830A8F7-3535-4505-9508-D5C4D4C495AD}.Release|iPhone.ActiveCfg = Release|Any CPU
		{7830A8F7-3535-4505-9508-D5C4D4C495AD}.Release|iPhone.Build.0 = Release|Any CPU
		{7830A8F7-3535-4505-9508-D5C4D4C495AD}.Release|iPhone.Deploy.0 = Release|Any CPU
		{7830A8F7-3535-4505-9508-D5C4D4C495AD}.Release|iPhoneSimulator.ActiveCfg = Release|Any CPU
		{7830A8F7-3535-4505-9508-D5C4D4C495AD}.Release|iPhoneSimulator.Build.0 = Release|Any CPU
		{7830A8F7-3535-4505-9508-D5C4D4C495AD}.Release|iPhoneSimulator.Deploy.0 = Release|Any CPU
	EndGlobalSection
	GlobalSection(SolutionProperties) = preSolution
		HideSolutionNode = FALSE
	EndGlobalSection
	GlobalSection(ExtensibilityGlobals) = postSolution
		SolutionGuid = {9CD4FE07-B48A-4F5E-8D7D-183DA1452B7C}
	EndGlobalSection
EndGlobal
